
Microsoft Visual Studio Solution File, Format Version 12.00
# Visual Studio Version 16
VisualStudioVersion = 16.0.29911.84
MinimumVisualStudioVersion = 10.0.40219.1
Project("{FAE04EC0-301F-11D3-BF4B-00C04F79EFBC}") = "Calculadora", "Calculadora\Calculadora.csproj", "{DB8FF311-DDC0-45EE-AA9E-11BA737CFDA8}"
EndProject
Global
	GlobalSection(SolutionConfigurationPlatforms) = preSolution
		Debug|Any CPU = Debug|Any CPU
		Release|Any CPU = Release|Any CPU
	EndGlobalSection
	GlobalSection(ProjectConfigurationPlatforms) = postSolution
		{DB8FF311-DDC0-45EE-AA9E-11BA737CFDA8}.Debug|Any CPU.ActiveCfg = Debug|Any CPU
		{DB8FF311-DDC0-45EE-AA9E-11BA737CFDA8}.Debug|Any CPU.Build.0 = Debug|Any CPU
		{DB8FF311-DDC0-45EE-AA9E-11BA737CFDA8}.Release|Any CPU.ActiveCfg = Release|Any CPU
		{DB8FF311-DDC0-45EE-AA9E-11BA737CFDA8}.Release|Any CPU.Build.0 = Release|Any CPU
	EndGlobalSection
	GlobalSection(SolutionProperties) = preSolution
		HideSolutionNode = FALSE
	EndGlobalSection
	GlobalSection(ExtensibilityGlobals) = postSolution
		SolutionGuid = {8F1951D3-6D3C-43AD-B34E-CCAB41CA5708}
	EndGlobalSection
EndGlobal
